
Microsoft Visual Studio Solution File, Format Version 12.00
# Visual Studio Version 17
VisualStudioVersion = 17.10.34928.147
MinimumVisualStudioVersion = 10.0.40219.1
Project("{FAE04EC0-301F-11D3-BF4B-00C04F79EFBC}") = "QLDA", "QLDA\QLDA.csproj", "{91E40FF7-57F6-410F-8437-72EFFE3BD492}"
EndProject
Global
	GlobalSection(SolutionConfigurationPlatforms) = preSolution
		Debug|Any CPU = Debug|Any CPU
		Release|Any CPU = Release|Any CPU
	EndGlobalSection
	GlobalSection(ProjectConfigurationPlatforms) = postSolution
		{91E40FF7-57F6-410F-8437-72EFFE3BD492}.Debug|Any CPU.ActiveCfg = Debug|Any CPU
		{91E40FF7-57F6-410F-8437-72EFFE3BD492}.Debug|Any CPU.Build.0 = Debug|Any CPU
		{91E40FF7-57F6-410F-8437-72EFFE3BD492}.Release|Any CPU.ActiveCfg = Release|Any CPU
		{91E40FF7-57F6-410F-8437-72EFFE3BD492}.Release|Any CPU.Build.0 = Release|Any CPU
	EndGlobalSection
	GlobalSection(SolutionProperties) = preSolution
		HideSolutionNode = FALSE
	EndGlobalSection
	GlobalSection(ExtensibilityGlobals) = postSolution
		SolutionGuid = {FB9F8CA1-15CF-43BA-83FA-7EB193333789}
	EndGlobalSection
EndGlobal
